// !$*UTF8*$!
{
	archiveVersion = 1;
	classes = {
	};
	objectVersion = 51;
	objects = {

/* Begin PBXBuildFile section */
		0A5214C523D24925970FECCE /* Pods_RxContacts.framework in Frameworks */ = {isa = PBXBuildFile; fileRef = E50704A8DD7C6598B59191DA /* Pods_RxContacts.framework */; };
		1F0CB1C42603DC3E004984D6 /* PlayfairDisplay-Italic-VariableFont_wght.ttf in Resources */ = {isa = PBXBuildFile; fileRef = 1F0CB1C32603DC3E004984D6 /* PlayfairDisplay-Italic-VariableFont_wght.ttf */; };
		1F0CB1C92603DC50004984D6 /* PlayfairDisplay-VariableFont_wght.ttf in Resources */ = {isa = PBXBuildFile; fileRef = 1F0CB1C82603DC50004984D6 /* PlayfairDisplay-VariableFont_wght.ttf */; };
		1F0F23B425F60A1400EB3CB0 /* ContactsViewController.swift in Sources */ = {isa = PBXBuildFile; fileRef = 1F0F23B325F60A1400EB3CB0 /* ContactsViewController.swift */; };
		1F0F23C025F60C2300EB3CB0 /* ContactsPresenter.swift in Sources */ = {isa = PBXBuildFile; fileRef = 1F0F23BF25F60C2300EB3CB0 /* ContactsPresenter.swift */; };
		1F0F23D025F612C300EB3CB0 /* ContactTableViewCell.swift in Sources */ = {isa = PBXBuildFile; fileRef = 1F0F23CF25F612C300EB3CB0 /* ContactTableViewCell.swift */; };
		1F0F23D525F63E0000EB3CB0 /* UserDetailViewController.swift in Sources */ = {isa = PBXBuildFile; fileRef = 1F0F23D425F63E0000EB3CB0 /* UserDetailViewController.swift */; };
		1F0F23DA25F63E1300EB3CB0 /* UserDetailPresenter.swift in Sources */ = {isa = PBXBuildFile; fileRef = 1F0F23D925F63E1300EB3CB0 /* UserDetailPresenter.swift */; };
		1F0F23EA25F6582E00EB3CB0 /* AddContactViewController.swift in Sources */ = {isa = PBXBuildFile; fileRef = 1F0F23E925F6582E00EB3CB0 /* AddContactViewController.swift */; };
		1F0F23EF25F6584100EB3CB0 /* AddContactPresenter.swift in Sources */ = {isa = PBXBuildFile; fileRef = 1F0F23EE25F6584100EB3CB0 /* AddContactPresenter.swift */; };
		1F4F900A25F40662001E46D4 /* AppDelegate.swift in Sources */ = {isa = PBXBuildFile; fileRef = 1F4F900925F40662001E46D4 /* AppDelegate.swift */; };
		1F4F900C25F40662001E46D4 /* SceneDelegate.swift in Sources */ = {isa = PBXBuildFile; fileRef = 1F4F900B25F40662001E46D4 /* SceneDelegate.swift */; };
		1F4F901125F40662001E46D4 /* Main.storyboard in Resources */ = {isa = PBXBuildFile; fileRef = 1F4F900F25F40662001E46D4 /* Main.storyboard */; };
		1F4F901425F40662001E46D4 /* RxContacts.xcdatamodeld in Sources */ = {isa = PBXBuildFile; fileRef = 1F4F901225F40662001E46D4 /* RxContacts.xcdatamodeld */; };
		1F4F901625F40663001E46D4 /* Assets.xcassets in Resources */ = {isa = PBXBuildFile; fileRef = 1F4F901525F40663001E46D4 /* Assets.xcassets */; };
		1F4F901925F40663001E46D4 /* LaunchScreen.storyboard in Resources */ = {isa = PBXBuildFile; fileRef = 1F4F901725F40663001E46D4 /* LaunchScreen.storyboard */; };
		1F4F902425F40663001E46D4 /* RxContactsTests.swift in Sources */ = {isa = PBXBuildFile; fileRef = 1F4F902325F40663001E46D4 /* RxContactsTests.swift */; };
		1F4F902F25F40663001E46D4 /* RxContactsUITests.swift in Sources */ = {isa = PBXBuildFile; fileRef = 1F4F902E25F40663001E46D4 /* RxContactsUITests.swift */; };
		1F4F904825F40729001E46D4 /* NetworkManager.swift in Sources */ = {isa = PBXBuildFile; fileRef = 1F4F904725F40729001E46D4 /* NetworkManager.swift */; };
		1F4F904D25F4073D001E46D4 /* Constants.swift in Sources */ = {isa = PBXBuildFile; fileRef = 1F4F904C25F4073D001E46D4 /* Constants.swift */; };
		1F4F905C25F40BC5001E46D4 /* LogRegUpResponse.swift in Sources */ = {isa = PBXBuildFile; fileRef = 1F4F905B25F40BC5001E46D4 /* LogRegUpResponse.swift */; };
		1F4F906125F40C0A001E46D4 /* User.swift in Sources */ = {isa = PBXBuildFile; fileRef = 1F4F906025F40C0A001E46D4 /* User.swift */; };
		1F6E8BDC25F527E900F032E1 /* LoginViewController.swift in Sources */ = {isa = PBXBuildFile; fileRef = 1F6E8BDB25F527E900F032E1 /* LoginViewController.swift */; };
		1F6E8BE725F5281800F032E1 /* RegisterViewController.swift in Sources */ = {isa = PBXBuildFile; fileRef = 1F6E8BE625F5281800F032E1 /* RegisterViewController.swift */; };
		1F6E8BF125F5288A00F032E1 /* IntroPresenter.swift in Sources */ = {isa = PBXBuildFile; fileRef = 1F6E8BF025F5288A00F032E1 /* IntroPresenter.swift */; };
		1F817E672605270000D02FDB /* Helper.swift in Sources */ = {isa = PBXBuildFile; fileRef = 1F817E662605270000D02FDB /* Helper.swift */; };
		2CA2065F6D06BAA2AE55D659 /* Pods_RxContactsTests.framework in Frameworks */ = {isa = PBXBuildFile; fileRef = 83CDCBE6E5B2E49D9EFD5842 /* Pods_RxContactsTests.framework */; };
		36B77F57422962189640724E /* Pods_RxContacts_RxContactsUITests.framework in Frameworks */ = {isa = PBXBuildFile; fileRef = E390EC61351D1D3A49ED627D /* Pods_RxContacts_RxContactsUITests.framework */; };
/* End PBXBuildFile section */

/* Begin PBXContainerItemProxy section */
		1F4F902025F40663001E46D4 /* PBXContainerItemProxy */ = {
			isa = PBXContainerItemProxy;
			containerPortal = 1F4F8FFE25F40662001E46D4 /* Project object */;
			proxyType = 1;
			remoteGlobalIDString = 1F4F900525F40662001E46D4;
			remoteInfo = RxContacts;
		};
		1F4F902B25F40663001E46D4 /* PBXContainerItemProxy */ = {
			isa = PBXContainerItemProxy;
			containerPortal = 1F4F8FFE25F40662001E46D4 /* Project object */;
			proxyType = 1;
			remoteGlobalIDString = 1F4F900525F40662001E46D4;
			remoteInfo = RxContacts;
		};
/* End PBXContainerItemProxy section */

/* Begin PBXFileReference section */
		1F0CB1C32603DC3E004984D6 /* PlayfairDisplay-Italic-VariableFont_wght.ttf */ = {isa = PBXFileReference; lastKnownFileType = file; path = "PlayfairDisplay-Italic-VariableFont_wght.ttf"; sourceTree = "<group>"; };
		1F0CB1C82603DC50004984D6 /* PlayfairDisplay-VariableFont_wght.ttf */ = {isa = PBXFileReference; lastKnownFileType = file; path = "PlayfairDisplay-VariableFont_wght.ttf"; sourceTree = "<group>"; };
		1F0F23B325F60A1400EB3CB0 /* ContactsViewController.swift */ = {isa = PBXFileReference; lastKnownFileType = sourcecode.swift; path = ContactsViewController.swift; sourceTree = "<group>"; };
		1F0F23BF25F60C2300EB3CB0 /* ContactsPresenter.swift */ = {isa = PBXFileReference; lastKnownFileType = sourcecode.swift; path = ContactsPresenter.swift; sourceTree = "<group>"; };
		1F0F23CF25F612C300EB3CB0 /* ContactTableViewCell.swift */ = {isa = PBXFileReference; lastKnownFileType = sourcecode.swift; path = ContactTableViewCell.swift; sourceTree = "<group>"; };
		1F0F23D425F63E0000EB3CB0 /* UserDetailViewController.swift */ = {isa = PBXFileReference; lastKnownFileType = sourcecode.swift; path = UserDetailViewController.swift; sourceTree = "<group>"; };
		1F0F23D925F63E1300EB3CB0 /* UserDetailPresenter.swift */ = {isa = PBXFileReference; lastKnownFileType = sourcecode.swift; path = UserDetailPresenter.swift; sourceTree = "<group>"; };
		1F0F23E925F6582E00EB3CB0 /* AddContactViewController.swift */ = {isa = PBXFileReference; lastKnownFileType = sourcecode.swift; path = AddContactViewController.swift; sourceTree = "<group>"; };
		1F0F23EE25F6584100EB3CB0 /* AddContactPresenter.swift */ = {isa = PBXFileReference; lastKnownFileType = sourcecode.swift; path = AddContactPresenter.swift; sourceTree = "<group>"; };
		1F4F900625F40662001E46D4 /* RxContacts.app */ = {isa = PBXFileReference; explicitFileType = wrapper.application; includeInIndex = 0; path = RxContacts.app; sourceTree = BUILT_PRODUCTS_DIR; };
		1F4F900925F40662001E46D4 /* AppDelegate.swift */ = {isa = PBXFileReference; lastKnownFileType = sourcecode.swift; path = AppDelegate.swift; sourceTree = "<group>"; };
		1F4F900B25F40662001E46D4 /* SceneDelegate.swift */ = {isa = PBXFileReference; lastKnownFileType = sourcecode.swift; path = SceneDelegate.swift; sourceTree = "<group>"; };
		1F4F901025F40662001E46D4 /* Base */ = {isa = PBXFileReference; lastKnownFileType = file.storyboard; name = Base; path = Base.lproj/Main.storyboard; sourceTree = "<group>"; };
		1F4F901325F40662001E46D4 /* RxContacts.xcdatamodel */ = {isa = PBXFileReference; lastKnownFileType = wrapper.xcdatamodel; path = RxContacts.xcdatamodel; sourceTree = "<group>"; };
		1F4F901525F40663001E46D4 /* Assets.xcassets */ = {isa = PBXFileReference; lastKnownFileType = folder.assetcatalog; path = Assets.xcassets; sourceTree = "<group>"; };
		1F4F901825F40663001E46D4 /* Base */ = {isa = PBXFileReference; lastKnownFileType = file.storyboard; name = Base; path = Base.lproj/LaunchScreen.storyboard; sourceTree = "<group>"; };
		1F4F901A25F40663001E46D4 /* Info.plist */ = {isa = PBXFileReference; lastKnownFileType = text.plist.xml; path = Info.plist; sourceTree = "<group>"; };
		1F4F901F25F40663001E46D4 /* RxContactsTests.xctest */ = {isa = PBXFileReference; explicitFileType = wrapper.cfbundle; includeInIndex = 0; path = RxContactsTests.xctest; sourceTree = BUILT_PRODUCTS_DIR; };
		1F4F902325F40663001E46D4 /* RxContactsTests.swift */ = {isa = PBXFileReference; lastKnownFileType = sourcecode.swift; path = RxContactsTests.swift; sourceTree = "<group>"; };
		1F4F902525F40663001E46D4 /* Info.plist */ = {isa = PBXFileReference; lastKnownFileType = text.plist.xml; path = Info.plist; sourceTree = "<group>"; };
		1F4F902A25F40663001E46D4 /* RxContactsUITests.xctest */ = {isa = PBXFileReference; explicitFileType = wrapper.cfbundle; includeInIndex = 0; path = RxContactsUITests.xctest; sourceTree = BUILT_PRODUCTS_DIR; };
		1F4F902E25F40663001E46D4 /* RxContactsUITests.swift */ = {isa = PBXFileReference; lastKnownFileType = sourcecode.swift; path = RxContactsUITests.swift; sourceTree = "<group>"; };
		1F4F903025F40663001E46D4 /* Info.plist */ = {isa = PBXFileReference; lastKnownFileType = text.plist.xml; path = Info.plist; sourceTree = "<group>"; };
		1F4F904725F40729001E46D4 /* NetworkManager.swift */ = {isa = PBXFileReference; lastKnownFileType = sourcecode.swift; path = NetworkManager.swift; sourceTree = "<group>"; };
		1F4F904C25F4073D001E46D4 /* Constants.swift */ = {isa = PBXFileReference; lastKnownFileType = sourcecode.swift; path = Constants.swift; sourceTree = "<group>"; };
		1F4F905B25F40BC5001E46D4 /* LogRegUpResponse.swift */ = {isa = PBXFileReference; lastKnownFileType = sourcecode.swift; path = LogRegUpResponse.swift; sourceTree = "<group>"; };
		1F4F906025F40C0A001E46D4 /* User.swift */ = {isa = PBXFileReference; lastKnownFileType = sourcecode.swift; path = User.swift; sourceTree = "<group>"; };
		1F6E8BDB25F527E900F032E1 /* LoginViewController.swift */ = {isa = PBXFileReference; lastKnownFileType = sourcecode.swift; path = LoginViewController.swift; sourceTree = "<group>"; };
		1F6E8BE625F5281800F032E1 /* RegisterViewController.swift */ = {isa = PBXFileReference; lastKnownFileType = sourcecode.swift; path = RegisterViewController.swift; sourceTree = "<group>"; };
		1F6E8BF025F5288A00F032E1 /* IntroPresenter.swift */ = {isa = PBXFileReference; lastKnownFileType = sourcecode.swift; path = IntroPresenter.swift; sourceTree = "<group>"; };
		1F817E662605270000D02FDB /* Helper.swift */ = {isa = PBXFileReference; lastKnownFileType = sourcecode.swift; path = Helper.swift; sourceTree = "<group>"; };
		24286E45459A983B2829B764 /* Pods-RxContactsTests.debug.xcconfig */ = {isa = PBXFileReference; includeInIndex = 1; lastKnownFileType = text.xcconfig; name = "Pods-RxContactsTests.debug.xcconfig"; path = "Target Support Files/Pods-RxContactsTests/Pods-RxContactsTests.debug.xcconfig"; sourceTree = "<group>"; };
		517052FA80C376E461B6A6B6 /* Pods-RxContactsTests.release.xcconfig */ = {isa = PBXFileReference; includeInIndex = 1; lastKnownFileType = text.xcconfig; name = "Pods-RxContactsTests.release.xcconfig"; path = "Target Support Files/Pods-RxContactsTests/Pods-RxContactsTests.release.xcconfig"; sourceTree = "<group>"; };
		83CDCBE6E5B2E49D9EFD5842 /* Pods_RxContactsTests.framework */ = {isa = PBXFileReference; explicitFileType = wrapper.framework; includeInIndex = 0; path = Pods_RxContactsTests.framework; sourceTree = BUILT_PRODUCTS_DIR; };
		9F7C34511E67BA35E93B041F /* Pods-RxContacts-RxContactsUITests.release.xcconfig */ = {isa = PBXFileReference; includeInIndex = 1; lastKnownFileType = text.xcconfig; name = "Pods-RxContacts-RxContactsUITests.release.xcconfig"; path = "Target Support Files/Pods-RxContacts-RxContactsUITests/Pods-RxContacts-RxContactsUITests.release.xcconfig"; sourceTree = "<group>"; };
		BABA6A3E61AC9F70F91E6B2D /* Pods-RxContacts.debug.xcconfig */ = {isa = PBXFileReference; includeInIndex = 1; lastKnownFileType = text.xcconfig; name = "Pods-RxContacts.debug.xcconfig"; path = "Target Support Files/Pods-RxContacts/Pods-RxContacts.debug.xcconfig"; sourceTree = "<group>"; };
		BF2E58F84A90915E830E9BE5 /* Pods-RxContacts-RxContactsUITests.debug.xcconfig */ = {isa = PBXFileReference; includeInIndex = 1; lastKnownFileType = text.xcconfig; name = "Pods-RxContacts-RxContactsUITests.debug.xcconfig"; path = "Target Support Files/Pods-RxContacts-RxContactsUITests/Pods-RxContacts-RxContactsUITests.debug.xcconfig"; sourceTree = "<group>"; };
		D734EB54FA832669BB99366B /* Pods-RxContacts.release.xcconfig */ = {isa = PBXFileReference; includeInIndex = 1; lastKnownFileType = text.xcconfig; name = "Pods-RxContacts.release.xcconfig"; path = "Target Support Files/Pods-RxContacts/Pods-RxContacts.release.xcconfig"; sourceTree = "<group>"; };
		E390EC61351D1D3A49ED627D /* Pods_RxContacts_RxContactsUITests.framework */ = {isa = PBXFileReference; explicitFileType = wrapper.framework; includeInIndex = 0; path = Pods_RxContacts_RxContactsUITests.framework; sourceTree = BUILT_PRODUCTS_DIR; };
		E50704A8DD7C6598B59191DA /* Pods_RxContacts.framework */ = {isa = PBXFileReference; explicitFileType = wrapper.framework; includeInIndex = 0; path = Pods_RxContacts.framework; sourceTree = BUILT_PRODUCTS_DIR; };
/* End PBXFileReference section */

/* Begin PBXFrameworksBuildPhase section */
		1F4F900325F40662001E46D4 /* Frameworks */ = {
			isa = PBXFrameworksBuildPhase;
			buildActionMask = 2147483647;
			files = (
				0A5214C523D24925970FECCE /* Pods_RxContacts.framework in Frameworks */,
			);
			runOnlyForDeploymentPostprocessing = 0;
		};
		1F4F901C25F40663001E46D4 /* Frameworks */ = {
			isa = PBXFrameworksBuildPhase;
			buildActionMask = 2147483647;
			files = (
				2CA2065F6D06BAA2AE55D659 /* Pods_RxContactsTests.framework in Frameworks */,
			);
			runOnlyForDeploymentPostprocessing = 0;
		};
		1F4F902725F40663001E46D4 /* Frameworks */ = {
			isa = PBXFrameworksBuildPhase;
			buildActionMask = 2147483647;
			files = (
				36B77F57422962189640724E /* Pods_RxContacts_RxContactsUITests.framework in Frameworks */,
			);
			runOnlyForDeploymentPostprocessing = 0;
		};
/* End PBXFrameworksBuildPhase section */

/* Begin PBXGroup section */
		1F0CB1C12603DBEC004984D6 /* SupportFiles */ = {
			isa = PBXGroup;
			children = (
				1F0CB1C22603DBFB004984D6 /* Fonts */,
				1F817E662605270000D02FDB /* Helper.swift */,
			);
			path = SupportFiles;
			sourceTree = "<group>";
		};
		1F0CB1C22603DBFB004984D6 /* Fonts */ = {
			isa = PBXGroup;
			children = (
				1F0CB1C82603DC50004984D6 /* PlayfairDisplay-VariableFont_wght.ttf */,
				1F0CB1C32603DC3E004984D6 /* PlayfairDisplay-Italic-VariableFont_wght.ttf */,
			);
			path = Fonts;
			sourceTree = "<group>";
		};
		1F0F23BE25F60BE500EB3CB0 /* Presenter */ = {
			isa = PBXGroup;
			children = (
				1F0F23BF25F60C2300EB3CB0 /* ContactsPresenter.swift */,
			);
			path = Presenter;
			sourceTree = "<group>";
		};
		1F0F23E625F6580100EB3CB0 /* AddContactModule */ = {
			isa = PBXGroup;
			children = (
				1F0F23E725F6581400EB3CB0 /* View */,
				1F0F23E825F6581A00EB3CB0 /* Presenter */,
			);
			path = AddContactModule;
			sourceTree = "<group>";
		};
		1F0F23E725F6581400EB3CB0 /* View */ = {
			isa = PBXGroup;
			children = (
				1F0F23E925F6582E00EB3CB0 /* AddContactViewController.swift */,
			);
			path = View;
			sourceTree = "<group>";
		};
		1F0F23E825F6581A00EB3CB0 /* Presenter */ = {
			isa = PBXGroup;
			children = (
				1F0F23EE25F6584100EB3CB0 /* AddContactPresenter.swift */,
			);
			path = Presenter;
			sourceTree = "<group>";
		};
		1F4F8FFD25F40662001E46D4 = {
			isa = PBXGroup;
			children = (
				1F4F900825F40662001E46D4 /* RxContacts */,
				1F4F902225F40663001E46D4 /* RxContactsTests */,
				1F4F902D25F40663001E46D4 /* RxContactsUITests */,
				1F4F900725F40662001E46D4 /* Products */,
				78A59829C926E6EB0261C11A /* Pods */,
				31E2CECAC49E2973B875A484 /* Frameworks */,
			);
			sourceTree = "<group>";
		};
		1F4F900725F40662001E46D4 /* Products */ = {
			isa = PBXGroup;
			children = (
				1F4F900625F40662001E46D4 /* RxContacts.app */,
				1F4F901F25F40663001E46D4 /* RxContactsTests.xctest */,
				1F4F902A25F40663001E46D4 /* RxContactsUITests.xctest */,
			);
			name = Products;
			sourceTree = "<group>";
		};
		1F4F900825F40662001E46D4 /* RxContacts */ = {
			isa = PBXGroup;
			children = (
				1F0CB1C12603DBEC004984D6 /* SupportFiles */,
				1F4F904625F406FC001E46D4 /* Application */,
				1F4F904525F406ED001E46D4 /* Models */,
				1F4F903F25F40689001E46D4 /* Modules */,
				1F4F900F25F40662001E46D4 /* Main.storyboard */,
				1F4F901525F40663001E46D4 /* Assets.xcassets */,
				1F4F901725F40663001E46D4 /* LaunchScreen.storyboard */,
				1F4F901A25F40663001E46D4 /* Info.plist */,
				1F4F901225F40662001E46D4 /* RxContacts.xcdatamodeld */,
			);
			path = RxContacts;
			sourceTree = "<group>";
		};
		1F4F902225F40663001E46D4 /* RxContactsTests */ = {
			isa = PBXGroup;
			children = (
				1F4F902325F40663001E46D4 /* RxContactsTests.swift */,
				1F4F902525F40663001E46D4 /* Info.plist */,
			);
			path = RxContactsTests;
			sourceTree = "<group>";
		};
		1F4F902D25F40663001E46D4 /* RxContactsUITests */ = {
			isa = PBXGroup;
			children = (
				1F4F902E25F40663001E46D4 /* RxContactsUITests.swift */,
				1F4F903025F40663001E46D4 /* Info.plist */,
			);
			path = RxContactsUITests;
			sourceTree = "<group>";
		};
		1F4F903F25F40689001E46D4 /* Modules */ = {
			isa = PBXGroup;
			children = (
				1F6E8BD925F526E400F032E1 /* LogRegFPassModule */,
				1F4F904325F406C4001E46D4 /* ContactsModule */,
				1F0F23E625F6580100EB3CB0 /* AddContactModule */,
				1F4F904425F406DA001E46D4 /* UserDetailModule */,
			);
			path = Modules;
			sourceTree = "<group>";
		};
		1F4F904025F40699001E46D4 /* Login */ = {
			isa = PBXGroup;
			children = (
				1F4F905225F4076E001E46D4 /* View */,
			);
			path = Login;
			sourceTree = "<group>";
		};
		1F4F904125F406A2001E46D4 /* Register */ = {
			isa = PBXGroup;
			children = (
				1F4F905425F4077B001E46D4 /* View */,
			);
			path = Register;
			sourceTree = "<group>";
		};
		1F4F904325F406C4001E46D4 /* ContactsModule */ = {
			isa = PBXGroup;
			children = (
				1F4F905825F4079C001E46D4 /* View */,
				1F0F23BE25F60BE500EB3CB0 /* Presenter */,
			);
			path = ContactsModule;
			sourceTree = "<group>";
		};
		1F4F904425F406DA001E46D4 /* UserDetailModule */ = {
			isa = PBXGroup;
			children = (
				1F4F905A25F407A9001E46D4 /* View */,
				1F4F905925F407A1001E46D4 /* Presenter */,
			);
			path = UserDetailModule;
			sourceTree = "<group>";
		};
		1F4F904525F406ED001E46D4 /* Models */ = {
			isa = PBXGroup;
			children = (
				1F4F905B25F40BC5001E46D4 /* LogRegUpResponse.swift */,
				1F4F906025F40C0A001E46D4 /* User.swift */,
			);
			path = Models;
			sourceTree = "<group>";
		};
		1F4F904625F406FC001E46D4 /* Application */ = {
			isa = PBXGroup;
			children = (
				1F4F900925F40662001E46D4 /* AppDelegate.swift */,
				1F4F900B25F40662001E46D4 /* SceneDelegate.swift */,
				1F4F904725F40729001E46D4 /* NetworkManager.swift */,
				1F4F904C25F4073D001E46D4 /* Constants.swift */,
			);
			path = Application;
			sourceTree = "<group>";
		};
		1F4F905225F4076E001E46D4 /* View */ = {
			isa = PBXGroup;
			children = (
				1F6E8BDB25F527E900F032E1 /* LoginViewController.swift */,
			);
			path = View;
			sourceTree = "<group>";
		};
		1F4F905425F4077B001E46D4 /* View */ = {
			isa = PBXGroup;
			children = (
				1F6E8BE625F5281800F032E1 /* RegisterViewController.swift */,
			);
			path = View;
			sourceTree = "<group>";
		};
		1F4F905825F4079C001E46D4 /* View */ = {
			isa = PBXGroup;
			children = (
				1F0F23B325F60A1400EB3CB0 /* ContactsViewController.swift */,
				1F0F23CF25F612C300EB3CB0 /* ContactTableViewCell.swift */,
			);
			path = View;
			sourceTree = "<group>";
		};
		1F4F905925F407A1001E46D4 /* Presenter */ = {
			isa = PBXGroup;
			children = (
				1F0F23D925F63E1300EB3CB0 /* UserDetailPresenter.swift */,
			);
			path = Presenter;
			sourceTree = "<group>";
		};
		1F4F905A25F407A9001E46D4 /* View */ = {
			isa = PBXGroup;
			children = (
				1F0F23D425F63E0000EB3CB0 /* UserDetailViewController.swift */,
			);
			path = View;
			sourceTree = "<group>";
		};
		1F6E8BD925F526E400F032E1 /* LogRegFPassModule */ = {
			isa = PBXGroup;
			children = (
				1F4F904025F40699001E46D4 /* Login */,
				1F4F904125F406A2001E46D4 /* Register */,
				1F6E8BDA25F5274400F032E1 /* Presenter */,
			);
			path = LogRegFPassModule;
			sourceTree = "<group>";
		};
		1F6E8BDA25F5274400F032E1 /* Presenter */ = {
			isa = PBXGroup;
			children = (
				1F6E8BF025F5288A00F032E1 /* IntroPresenter.swift */,
			);
			path = Presenter;
			sourceTree = "<group>";
		};
		31E2CECAC49E2973B875A484 /* Frameworks */ = {
			isa = PBXGroup;
			children = (
				E50704A8DD7C6598B59191DA /* Pods_RxContacts.framework */,
				E390EC61351D1D3A49ED627D /* Pods_RxContacts_RxContactsUITests.framework */,
				83CDCBE6E5B2E49D9EFD5842 /* Pods_RxContactsTests.framework */,
			);
			name = Frameworks;
			sourceTree = "<group>";
		};
		78A59829C926E6EB0261C11A /* Pods */ = {
			isa = PBXGroup;
			children = (
				BABA6A3E61AC9F70F91E6B2D /* Pods-RxContacts.debug.xcconfig */,
				D734EB54FA832669BB99366B /* Pods-RxContacts.release.xcconfig */,
				BF2E58F84A90915E830E9BE5 /* Pods-RxContacts-RxContactsUITests.debug.xcconfig */,
				9F7C34511E67BA35E93B041F /* Pods-RxContacts-RxContactsUITests.release.xcconfig */,
				24286E45459A983B2829B764 /* Pods-RxContactsTests.debug.xcconfig */,
				517052FA80C376E461B6A6B6 /* Pods-RxContactsTests.release.xcconfig */,
			);
			path = Pods;
			sourceTree = "<group>";
		};
/* End PBXGroup section */

/* Begin PBXNativeTarget section */
		1F4F900525F40662001E46D4 /* RxContacts */ = {
			isa = PBXNativeTarget;
			buildConfigurationList = 1F4F903325F40663001E46D4 /* Build configuration list for PBXNativeTarget "RxContacts" */;
			buildPhases = (
				1632CC2000DDBFF3B739235C /* [CP] Check Pods Manifest.lock */,
				1F4F900225F40662001E46D4 /* Sources */,
				1F4F900325F40662001E46D4 /* Frameworks */,
				1F4F900425F40662001E46D4 /* Resources */,
				6E00EC91B2A339B038EC676B /* [CP] Embed Pods Frameworks */,
			);
			buildRules = (
			);
			dependencies = (
			);
			name = RxContacts;
			productName = RxContacts;
			productReference = 1F4F900625F40662001E46D4 /* RxContacts.app */;
			productType = "com.apple.product-type.application";
		};
		1F4F901E25F40663001E46D4 /* RxContactsTests */ = {
			isa = PBXNativeTarget;
			buildConfigurationList = 1F4F903625F40663001E46D4 /* Build configuration list for PBXNativeTarget "RxContactsTests" */;
			buildPhases = (
				41F5349CD1C8C9465D81D178 /* [CP] Check Pods Manifest.lock */,
				1F4F901B25F40663001E46D4 /* Sources */,
				1F4F901C25F40663001E46D4 /* Frameworks */,
				1F4F901D25F40663001E46D4 /* Resources */,
			);
			buildRules = (
			);
			dependencies = (
				1F4F902125F40663001E46D4 /* PBXTargetDependency */,
			);
			name = RxContactsTests;
			productName = RxContactsTests;
			productReference = 1F4F901F25F40663001E46D4 /* RxContactsTests.xctest */;
			productType = "com.apple.product-type.bundle.unit-test";
		};
		1F4F902925F40663001E46D4 /* RxContactsUITests */ = {
			isa = PBXNativeTarget;
			buildConfigurationList = 1F4F903925F40663001E46D4 /* Build configuration list for PBXNativeTarget "RxContactsUITests" */;
			buildPhases = (
				4A1EACFE65B4E10925BF503E /* [CP] Check Pods Manifest.lock */,
				1F4F902625F40663001E46D4 /* Sources */,
				1F4F902725F40663001E46D4 /* Frameworks */,
				1F4F902825F40663001E46D4 /* Resources */,
				76A17AA73324A2FA16906E41 /* [CP] Embed Pods Frameworks */,
			);
			buildRules = (
			);
			dependencies = (
				1F4F902C25F40663001E46D4 /* PBXTargetDependency */,
			);
			name = RxContactsUITests;
			productName = RxContactsUITests;
			productReference = 1F4F902A25F40663001E46D4 /* RxContactsUITests.xctest */;
			productType = "com.apple.product-type.bundle.ui-testing";
		};
/* End PBXNativeTarget section */

/* Begin PBXProject section */
		1F4F8FFE25F40662001E46D4 /* Project object */ = {
			isa = PBXProject;
			attributes = {
				LastSwiftUpdateCheck = 1240;
				LastUpgradeCheck = 1240;
				TargetAttributes = {
					1F4F900525F40662001E46D4 = {
						CreatedOnToolsVersion = 12.4;
					};
					1F4F901E25F40663001E46D4 = {
						CreatedOnToolsVersion = 12.4;
						TestTargetID = 1F4F900525F40662001E46D4;
					};
					1F4F902925F40663001E46D4 = {
						CreatedOnToolsVersion = 12.4;
						TestTargetID = 1F4F900525F40662001E46D4;
					};
				};
			};
			buildConfigurationList = 1F4F900125F40662001E46D4 /* Build configuration list for PBXProject "RxContacts" */;
			compatibilityVersion = "Xcode 9.3";
			developmentRegion = en;
			hasScannedForEncodings = 0;
			knownRegions = (
				en,
				Base,
			);
			mainGroup = 1F4F8FFD25F40662001E46D4;
			productRefGroup = 1F4F900725F40662001E46D4 /* Products */;
			projectDirPath = "";
			projectRoot = "";
			targets = (
				1F4F900525F40662001E46D4 /* RxContacts */,
				1F4F901E25F40663001E46D4 /* RxContactsTests */,
				1F4F902925F40663001E46D4 /* RxContactsUITests */,
			);
		};
/* End PBXProject section */

/* Begin PBXResourcesBuildPhase section */
		1F4F900425F40662001E46D4 /* Resources */ = {
			isa = PBXResourcesBuildPhase;
			buildActionMask = 2147483647;
			files = (
				1F0CB1C42603DC3E004984D6 /* PlayfairDisplay-Italic-VariableFont_wght.ttf in Resources */,
				1F4F901925F40663001E46D4 /* LaunchScreen.storyboard in Resources */,
				1F0CB1C92603DC50004984D6 /* PlayfairDisplay-VariableFont_wght.ttf in Resources */,
				1F4F901625F40663001E46D4 /* Assets.xcassets in Resources */,
				1F4F901125F40662001E46D4 /* Main.storyboard in Resources */,
			);
			runOnlyForDeploymentPostprocessing = 0;
		};
		1F4F901D25F40663001E46D4 /* Resources */ = {
			isa = PBXResourcesBuildPhase;
			buildActionMask = 2147483647;
			files = (
			);
			runOnlyForDeploymentPostprocessing = 0;
		};
		1F4F902825F40663001E46D4 /* Resources */ = {
			isa = PBXResourcesBuildPhase;
			buildActionMask = 2147483647;
			files = (
			);
			runOnlyForDeploymentPostprocessing = 0;
		};
/* End PBXResourcesBuildPhase section */

/* Begin PBXShellScriptBuildPhase section */
		1632CC2000DDBFF3B739235C /* [CP] Check Pods Manifest.lock */ = {
			isa = PBXShellScriptBuildPhase;
			buildActionMask = 2147483647;
			files = (
			);
			inputFileListPaths = (
			);
			inputPaths = (
				"${PODS_PODFILE_DIR_PATH}/Podfile.lock",
				"${PODS_ROOT}/Manifest.lock",
			);
			name = "[CP] Check Pods Manifest.lock";
			outputFileListPaths = (
			);
			outputPaths = (
				"$(DERIVED_FILE_DIR)/Pods-RxContacts-checkManifestLockResult.txt",
			);
			runOnlyForDeploymentPostprocessing = 0;
			shellPath = /bin/sh;
			shellScript = "diff \"${PODS_PODFILE_DIR_PATH}/Podfile.lock\" \"${PODS_ROOT}/Manifest.lock\" > /dev/null\nif [ $? != 0 ] ; then\n    # print error to STDERR\n    echo \"error: The sandbox is not in sync with the Podfile.lock. Run 'pod install' or update your CocoaPods installation.\" >&2\n    exit 1\nfi\n# This output is used by Xcode 'outputs' to avoid re-running this script phase.\necho \"SUCCESS\" > \"${SCRIPT_OUTPUT_FILE_0}\"\n";
			showEnvVarsInLog = 0;
		};
		41F5349CD1C8C9465D81D178 /* [CP] Check Pods Manifest.lock */ = {
			isa = PBXShellScriptBuildPhase;
			buildActionMask = 2147483647;
			files = (
			);
			inputFileListPaths = (
			);
			inputPaths = (
				"${PODS_PODFILE_DIR_PATH}/Podfile.lock",
				"${PODS_ROOT}/Manifest.lock",
			);
			name = "[CP] Check Pods Manifest.lock";
			outputFileListPaths = (
			);
			outputPaths = (
				"$(DERIVED_FILE_DIR)/Pods-RxContactsTests-checkManifestLockResult.txt",
			);
			runOnlyForDeploymentPostprocessing = 0;
			shellPath = /bin/sh;
			shellScript = "diff \"${PODS_PODFILE_DIR_PATH}/Podfile.lock\" \"${PODS_ROOT}/Manifest.lock\" > /dev/null\nif [ $? != 0 ] ; then\n    # print error to STDERR\n    echo \"error: The sandbox is not in sync with the Podfile.lock. Run 'pod install' or update your CocoaPods installation.\" >&2\n    exit 1\nfi\n# This output is used by Xcode 'outputs' to avoid re-running this script phase.\necho \"SUCCESS\" > \"${SCRIPT_OUTPUT_FILE_0}\"\n";
			showEnvVarsInLog = 0;
		};
		4A1EACFE65B4E10925BF503E /* [CP] Check Pods Manifest.lock */ = {
			isa = PBXShellScriptBuildPhase;
			buildActionMask = 2147483647;
			files = (
			);
			inputFileListPaths = (
			);
			inputPaths = (
				"${PODS_PODFILE_DIR_PATH}/Podfile.lock",
				"${PODS_ROOT}/Manifest.lock",
			);
			name = "[CP] Check Pods Manifest.lock";
			outputFileListPaths = (
			);
			outputPaths = (
				"$(DERIVED_FILE_DIR)/Pods-RxContacts-RxContactsUITests-checkManifestLockResult.txt",
			);
			runOnlyForDeploymentPostprocessing = 0;
			shellPath = /bin/sh;
			shellScript = "diff \"${PODS_PODFILE_DIR_PATH}/Podfile.lock\" \"${PODS_ROOT}/Manifest.lock\" > /dev/null\nif [ $? != 0 ] ; then\n    # print error to STDERR\n    echo \"error: The sandbox is not in sync with the Podfile.lock. Run 'pod install' or update your CocoaPods installation.\" >&2\n    exit 1\nfi\n# This output is used by Xcode 'outputs' to avoid re-running this script phase.\necho \"SUCCESS\" > \"${SCRIPT_OUTPUT_FILE_0}\"\n";
			showEnvVarsInLog = 0;
		};
		6E00EC91B2A339B038EC676B /* [CP] Embed Pods Frameworks */ = {
			isa = PBXShellScriptBuildPhase;
			buildActionMask = 2147483647;
			files = (
			);
			inputFileListPaths = (
				"${PODS_ROOT}/Target Support Files/Pods-RxContacts/Pods-RxContacts-frameworks-${CONFIGURATION}-input-files.xcfilelist",
			);
			name = "[CP] Embed Pods Frameworks";
			outputFileListPaths = (
				"${PODS_ROOT}/Target Support Files/Pods-RxContacts/Pods-RxContacts-frameworks-${CONFIGURATION}-output-files.xcfilelist",
			);
			runOnlyForDeploymentPostprocessing = 0;
			shellPath = /bin/sh;
			shellScript = "\"${PODS_ROOT}/Target Support Files/Pods-RxContacts/Pods-RxContacts-frameworks.sh\"\n";
			showEnvVarsInLog = 0;
		};
		76A17AA73324A2FA16906E41 /* [CP] Embed Pods Frameworks */ = {
			isa = PBXShellScriptBuildPhase;
			buildActionMask = 2147483647;
			files = (
			);
			inputFileListPaths = (
				"${PODS_ROOT}/Target Support Files/Pods-RxContacts-RxContactsUITests/Pods-RxContacts-RxContactsUITests-frameworks-${CONFIGURATION}-input-files.xcfilelist",
			);
			name = "[CP] Embed Pods Frameworks";
			outputFileListPaths = (
				"${PODS_ROOT}/Target Support Files/Pods-RxContacts-RxContactsUITests/Pods-RxContacts-RxContactsUITests-frameworks-${CONFIGURATION}-output-files.xcfilelist",
			);
			runOnlyForDeploymentPostprocessing = 0;
			shellPath = /bin/sh;
			shellScript = "\"${PODS_ROOT}/Target Support Files/Pods-RxContacts-RxContactsUITests/Pods-RxContacts-RxContactsUITests-frameworks.sh\"\n";
			showEnvVarsInLog = 0;
		};
/* End PBXShellScriptBuildPhase section */

/* Begin PBXSourcesBuildPhase section */
		1F4F900225F40662001E46D4 /* Sources */ = {
			isa = PBXSourcesBuildPhase;
			buildActionMask = 2147483647;
			files = (
				1F6E8BE725F5281800F032E1 /* RegisterViewController.swift in Sources */,
				1F6E8BDC25F527E900F032E1 /* LoginViewController.swift in Sources */,
				1F4F901425F40662001E46D4 /* RxContacts.xcdatamodeld in Sources */,
				1F4F904825F40729001E46D4 /* NetworkManager.swift in Sources */,
				1F0F23D025F612C300EB3CB0 /* ContactTableViewCell.swift in Sources */,
				1F817E672605270000D02FDB /* Helper.swift in Sources */,
				1F4F900A25F40662001E46D4 /* AppDelegate.swift in Sources */,
				1F0F23B425F60A1400EB3CB0 /* ContactsViewController.swift in Sources */,
				1F4F906125F40C0A001E46D4 /* User.swift in Sources */,
				1F0F23EA25F6582E00EB3CB0 /* AddContactViewController.swift in Sources */,
				1F4F900C25F40662001E46D4 /* SceneDelegate.swift in Sources */,
				1F4F904D25F4073D001E46D4 /* Constants.swift in Sources */,
				1F0F23D525F63E0000EB3CB0 /* UserDetailViewController.swift in Sources */,
				1F0F23C025F60C2300EB3CB0 /* ContactsPresenter.swift in Sources */,
				1F4F905C25F40BC5001E46D4 /* LogRegUpResponse.swift in Sources */,
				1F0F23DA25F63E1300EB3CB0 /* UserDetailPresenter.swift in Sources */,
				1F6E8BF125F5288A00F032E1 /* IntroPresenter.swift in Sources */,
				1F0F23EF25F6584100EB3CB0 /* AddContactPresenter.swift in Sources */,
			);
			runOnlyForDeploymentPostprocessing = 0;
		};
		1F4F901B25F40663001E46D4 /* Sources */ = {
			isa = PBXSourcesBuildPhase;
			buildActionMask = 2147483647;
			files = (
				1F4F902425F40663001E46D4 /* RxContactsTests.swift in Sources */,
			);
			runOnlyForDeploymentPostprocessing = 0;
		};
		1F4F902625F40663001E46D4 /* Sources */ = {
			isa = PBXSourcesBuildPhase;
			buildActionMask = 2147483647;
			files = (
				1F4F902F25F40663001E46D4 /* RxContactsUITests.swift in Sources */,
			);
			runOnlyForDeploymentPostprocessing = 0;
		};
/* End PBXSourcesBuildPhase section */

/* Begin PBXTargetDependency section */
		1F4F902125F40663001E46D4 /* PBXTargetDependency */ = {
			isa = PBXTargetDependency;
			target = 1F4F900525F40662001E46D4 /* RxContacts */;
			targetProxy = 1F4F902025F40663001E46D4 /* PBXContainerItemProxy */;
		};
		1F4F902C25F40663001E46D4 /* PBXTargetDependency */ = {
			isa = PBXTargetDependency;
			target = 1F4F900525F40662001E46D4 /* RxContacts */;
			targetProxy = 1F4F902B25F40663001E46D4 /* PBXContainerItemProxy */;
		};
/* End PBXTargetDependency section */

/* Begin PBXVariantGroup section */
		1F4F900F25F40662001E46D4 /* Main.storyboard */ = {
			isa = PBXVariantGroup;
			children = (
				1F4F901025F40662001E46D4 /* Base */,
			);
			name = Main.storyboard;
			sourceTree = "<group>";
		};
		1F4F901725F40663001E46D4 /* LaunchScreen.storyboard */ = {
			isa = PBXVariantGroup;
			children = (
				1F4F901825F40663001E46D4 /* Base */,
			);
			name = LaunchScreen.storyboard;
			sourceTree = "<group>";
		};
/* End PBXVariantGroup section */

/* Begin XCBuildConfiguration section */
		1F4F903125F40663001E46D4 /* Debug */ = {
			isa = XCBuildConfiguration;
			buildSettings = {
				ALWAYS_SEARCH_USER_PATHS = NO;
				CLANG_ANALYZER_NONNULL = YES;
				CLANG_ANALYZER_NUMBER_OBJECT_CONVERSION = YES_AGGRESSIVE;
				CLANG_CXX_LANGUAGE_STANDARD = "gnu++14";
				CLANG_CXX_LIBRARY = "libc++";
				CLANG_ENABLE_MODULES = YES;
				CLANG_ENABLE_OBJC_ARC = YES;
				CLANG_ENABLE_OBJC_WEAK = YES;
				CLANG_WARN_BLOCK_CAPTURE_AUTORELEASING = YES;
				CLANG_WARN_BOOL_CONVERSION = YES;
				CLANG_WARN_COMMA = YES;
				CLANG_WARN_CONSTANT_CONVERSION = YES;
				CLANG_WARN_DEPRECATED_OBJC_IMPLEMENTATIONS = YES;
				CLANG_WARN_DIRECT_OBJC_ISA_USAGE = YES_ERROR;
				CLANG_WARN_DOCUMENTATION_COMMENTS = YES;
				CLANG_WARN_EMPTY_BODY = YES;
				CLANG_WARN_ENUM_CONVERSION = YES;
				CLANG_WARN_INFINITE_RECURSION = YES;
				CLANG_WARN_INT_CONVERSION = YES;
				CLANG_WARN_NON_LITERAL_NULL_CONVERSION = YES;
				CLANG_WARN_OBJC_IMPLICIT_RETAIN_SELF = YES;
				CLANG_WARN_OBJC_LITERAL_CONVERSION = YES;
				CLANG_WARN_OBJC_ROOT_CLASS = YES_ERROR;
				CLANG_WARN_QUOTED_INCLUDE_IN_FRAMEWORK_HEADER = YES;
				CLANG_WARN_RANGE_LOOP_ANALYSIS = YES;
				CLANG_WARN_STRICT_PROTOTYPES = YES;
				CLANG_WARN_SUSPICIOUS_MOVE = YES;
				CLANG_WARN_UNGUARDED_AVAILABILITY = YES_AGGRESSIVE;
				CLANG_WARN_UNREACHABLE_CODE = YES;
				CLANG_WARN__DUPLICATE_METHOD_MATCH = YES;
				COPY_PHASE_STRIP = NO;
				DEBUG_INFORMATION_FORMAT = dwarf;
				ENABLE_STRICT_OBJC_MSGSEND = YES;
				ENABLE_TESTABILITY = YES;
				GCC_C_LANGUAGE_STANDARD = gnu11;
				GCC_DYNAMIC_NO_PIC = NO;
				GCC_NO_COMMON_BLOCKS = YES;
				GCC_OPTIMIZATION_LEVEL = 0;
				GCC_PREPROCESSOR_DEFINITIONS = (
					"DEBUG=1",
					"$(inherited)",
				);
				GCC_WARN_64_TO_32_BIT_CONVERSION = YES;
				GCC_WARN_ABOUT_RETURN_TYPE = YES_ERROR;
				GCC_WARN_UNDECLARED_SELECTOR = YES;
				GCC_WARN_UNINITIALIZED_AUTOS = YES_AGGRESSIVE;
				GCC_WARN_UNUSED_FUNCTION = YES;
				GCC_WARN_UNUSED_VARIABLE = YES;
				IPHONEOS_DEPLOYMENT_TARGET = 14.4;
				MTL_ENABLE_DEBUG_INFO = INCLUDE_SOURCE;
				MTL_FAST_MATH = YES;
				ONLY_ACTIVE_ARCH = YES;
				SDKROOT = iphoneos;
				SWIFT_ACTIVE_COMPILATION_CONDITIONS = DEBUG;
				SWIFT_OPTIMIZATION_LEVEL = "-Onone";
			};
			name = Debug;
		};
		1F4F903225F40663001E46D4 /* Release */ = {
			isa = XCBuildConfiguration;
			buildSettings = {
				ALWAYS_SEARCH_USER_PATHS = NO;
				CLANG_ANALYZER_NONNULL = YES;
				CLANG_ANALYZER_NUMBER_OBJECT_CONVERSION = YES_AGGRESSIVE;
				CLANG_CXX_LANGUAGE_STANDARD = "gnu++14";
				CLANG_CXX_LIBRARY = "libc++";
				CLANG_ENABLE_MODULES = YES;
				CLANG_ENABLE_OBJC_ARC = YES;
				CLANG_ENABLE_OBJC_WEAK = YES;
				CLANG_WARN_BLOCK_CAPTURE_AUTORELEASING = YES;
				CLANG_WARN_BOOL_CONVERSION = YES;
				CLANG_WARN_COMMA = YES;
				CLANG_WARN_CONSTANT_CONVERSION = YES;
				CLANG_WARN_DEPRECATED_OBJC_IMPLEMENTATIONS = YES;
				CLANG_WARN_DIRECT_OBJC_ISA_USAGE = YES_ERROR;
				CLANG_WARN_DOCUMENTATION_COMMENTS = YES;
				CLANG_WARN_EMPTY_BODY = YES;
				CLANG_WARN_ENUM_CONVERSION = YES;
				CLANG_WARN_INFINITE_RECURSION = YES;
				CLANG_WARN_INT_CONVERSION = YES;
				CLANG_WARN_NON_LITERAL_NULL_CONVERSION = YES;
				CLANG_WARN_OBJC_IMPLICIT_RETAIN_SELF = YES;
				CLANG_WARN_OBJC_LITERAL_CONVERSION = YES;
				CLANG_WARN_OBJC_ROOT_CLASS = YES_ERROR;
				CLANG_WARN_QUOTED_INCLUDE_IN_FRAMEWORK_HEADER = YES;
				CLANG_WARN_RANGE_LOOP_ANALYSIS = YES;
				CLANG_WARN_STRICT_PROTOTYPES = YES;
				CLANG_WARN_SUSPICIOUS_MOVE = YES;
				CLANG_WARN_UNGUARDED_AVAILABILITY = YES_AGGRESSIVE;
				CLANG_WARN_UNREACHABLE_CODE = YES;
				CLANG_WARN__DUPLICATE_METHOD_MATCH = YES;
				COPY_PHASE_STRIP = NO;
				DEBUG_INFORMATION_FORMAT = "dwarf-with-dsym";
				ENABLE_NS_ASSERTIONS = NO;
				ENABLE_STRICT_OBJC_MSGSEND = YES;
				GCC_C_LANGUAGE_STANDARD = gnu11;
				GCC_NO_COMMON_BLOCKS = YES;
				GCC_WARN_64_TO_32_BIT_CONVERSION = YES;
				GCC_WARN_ABOUT_RETURN_TYPE = YES_ERROR;
				GCC_WARN_UNDECLARED_SELECTOR = YES;
				GCC_WARN_UNINITIALIZED_AUTOS = YES_AGGRESSIVE;
				GCC_WARN_UNUSED_FUNCTION = YES;
				GCC_WARN_UNUSED_VARIABLE = YES;
				IPHONEOS_DEPLOYMENT_TARGET = 14.4;
				MTL_ENABLE_DEBUG_INFO = NO;
				MTL_FAST_MATH = YES;
				SDKROOT = iphoneos;
				SWIFT_COMPILATION_MODE = wholemodule;
				SWIFT_OPTIMIZATION_LEVEL = "-O";
				VALIDATE_PRODUCT = YES;
			};
			name = Release;
		};
		1F4F903425F40663001E46D4 /* Debug */ = {
			isa = XCBuildConfiguration;
			baseConfigurationReference = BABA6A3E61AC9F70F91E6B2D /* Pods-RxContacts.debug.xcconfig */;
			buildSettings = {
				ASSETCATALOG_COMPILER_APPICON_NAME = AppIcon;
				ASSETCATALOG_COMPILER_GLOBAL_ACCENT_COLOR_NAME = AccentColor;
				CODE_SIGN_STYLE = Automatic;
				INFOPLIST_FILE = RxContacts/Info.plist;
				LD_RUNPATH_SEARCH_PATHS = (
					"$(inherited)",
					"@executable_path/Frameworks",
				);
				PRODUCT_BUNDLE_IDENTIFIER = com.PedroGaN.RxContacts;
				PRODUCT_NAME = "$(TARGET_NAME)";
				SWIFT_VERSION = 5.0;
				TARGETED_DEVICE_FAMILY = "1,2";
			};
			name = Debug;
		};
		1F4F903525F40663001E46D4 /* Release */ = {
			isa = XCBuildConfiguration;
			baseConfigurationReference = D734EB54FA832669BB99366B /* Pods-RxContacts.release.xcconfig */;
			buildSettings = {
				ASSETCATALOG_COMPILER_APPICON_NAME = AppIcon;
				ASSETCATALOG_COMPILER_GLOBAL_ACCENT_COLOR_NAME = AccentColor;
				CODE_SIGN_STYLE = Automatic;
				INFOPLIST_FILE = RxContacts/Info.plist;
				LD_RUNPATH_SEARCH_PATHS = (
					"$(inherited)",
					"@executable_path/Frameworks",
				);
				PRODUCT_BUNDLE_IDENTIFIER = com.PedroGaN.RxContacts;
				PRODUCT_NAME = "$(TARGET_NAME)";
				SWIFT_VERSION = 5.0;
				TARGETED_DEVICE_FAMILY = "1,2";
			};
			name = Release;
		};
		1F4F903725F40663001E46D4 /* Debug */ = {
			isa = XCBuildConfiguration;
			baseConfigurationReference = 24286E45459A983B2829B764 /* Pods-RxContactsTests.debug.xcconfig */;
			buildSettings = {
				ALWAYS_EMBED_SWIFT_STANDARD_LIBRARIES = YES;
				BUNDLE_LOADER = "$(TEST_HOST)";
				CODE_SIGN_STYLE = Automatic;
				INFOPLIST_FILE = RxContactsTests/Info.plist;
				IPHONEOS_DEPLOYMENT_TARGET = 14.4;
				LD_RUNPATH_SEARCH_PATHS = (
					"$(inherited)",
					"@executable_path/Frameworks",
					"@loader_path/Frameworks",
				);
				PRODUCT_BUNDLE_IDENTIFIER = com.PedroGaN.RxContactsTests;
				PRODUCT_NAME = "$(TARGET_NAME)";
				SWIFT_VERSION = 5.0;
				TARGETED_DEVICE_FAMILY = "1,2";
				TEST_HOST = "$(BUILT_PRODUCTS_DIR)/RxContacts.app/RxContacts";
			};
			name = Debug;
		};
		1F4F903825F40663001E46D4 /* Release */ = {
			isa = XCBuildConfiguration;
			baseConfigurationReference = 517052FA80C376E461B6A6B6 /* Pods-RxContactsTests.release.xcconfig */;
			buildSettings = {
				ALWAYS_EMBED_SWIFT_STANDARD_LIBRARIES = YES;
				BUNDLE_LOADER = "$(TEST_HOST)";
				CODE_SIGN_STYLE = Automatic;
				INFOPLIST_FILE = RxContactsTests/Info.plist;
				IPHONEOS_DEPLOYMENT_TARGET = 14.4;
				LD_RUNPATH_SEARCH_PATHS = (
					"$(inherited)",
					"@executable_path/Frameworks",
					"@loader_path/Frameworks",
				);
				PRODUCT_BUNDLE_IDENTIFIER = com.PedroGaN.RxContactsTests;
				PRODUCT_NAME = "$(TARGET_NAME)";
				SWIFT_VERSION = 5.0;
				TARGETED_DEVICE_FAMILY = "1,2";
				TEST_HOST = "$(BUILT_PRODUCTS_DIR)/RxContacts.app/RxContacts";
			};
			name = Release;
		};
		1F4F903A25F40663001E46D4 /* Debug */ = {
			isa = XCBuildConfiguration;
			baseConfigurationReference = BF2E58F84A90915E830E9BE5 /* Pods-RxContacts-RxContactsUITests.debug.xcconfig */;
			buildSettings = {
				ALWAYS_EMBED_SWIFT_STANDARD_LIBRARIES = YES;
				CODE_SIGN_STYLE = Automatic;
				INFOPLIST_FILE = RxContactsUITests/Info.plist;
				LD_RUNPATH_SEARCH_PATHS = (
					"$(inherited)",
					"@executable_path/Frameworks",
					"@loader_path/Frameworks",
				);
				PRODUCT_BUNDLE_IDENTIFIER = com.PedroGaN.RxContactsUITests;
				PRODUCT_NAME = "$(TARGET_NAME)";
				SWIFT_VERSION = 5.0;
				TARGETED_DEVICE_FAMILY = "1,2";
				TEST_TARGET_NAME = RxContacts;
			};
			name = Debug;
		};
		1F4F903B25F40663001E46D4 /* Release */ = {
			isa = XCBuildConfiguration;
			baseConfigurationReference = 9F7C34511E67BA35E93B041F /* Pods-RxContacts-RxContactsUITests.release.xcconfig */;
			buildSettings = {
				ALWAYS_EMBED_SWIFT_STANDARD_LIBRARIES = YES;
				CODE_SIGN_STYLE = Automatic;
				INFOPLIST_FILE = RxContactsUITests/Info.plist;
				LD_RUNPATH_SEARCH_PATHS = (
					"$(inherited)",
					"@executable_path/Frameworks",
					"@loader_path/Frameworks",
				);
				PRODUCT_BUNDLE_IDENTIFIER = com.PedroGaN.RxContactsUITests;
				PRODUCT_NAME = "$(TARGET_NAME)";
				SWIFT_VERSION = 5.0;
				TARGETED_DEVICE_FAMILY = "1,2";
				TEST_TARGET_NAME = RxContacts;
			};
			name = Release;
		};
/* End XCBuildConfiguration section */

/* Begin XCConfigurationList section */
		1F4F900125F40662001E46D4 /* Build configuration list for PBXProject "RxContacts" */ = {
			isa = XCConfigurationList;
			buildConfigurations = (
				1F4F903125F40663001E46D4 /* Debug */,
				1F4F903225F40663001E46D4 /* Release */,
			);
			defaultConfigurationIsVisible = 0;
			defaultConfigurationName = Release;
		};
		1F4F903325F40663001E46D4 /* Build configuration list for PBXNativeTarget "RxContacts" */ = {
			isa = XCConfigurationList;
			buildConfigurations = (
				1F4F903425F40663001E46D4 /* Debug */,
				1F4F903525F40663001E46D4 /* Release */,
			);
			defaultConfigurationIsVisible = 0;
			defaultConfigurationName = Release;
		};
		1F4F903625F40663001E46D4 /* Build configuration list for PBXNativeTarget "RxContactsTests" */ = {
			isa = XCConfigurationList;
			buildConfigurations = (
				1F4F903725F40663001E46D4 /* Debug */,
				1F4F903825F40663001E46D4 /* Release */,
			);
			defaultConfigurationIsVisible = 0;
			defaultConfigurationName = Release;
		};
		1F4F903925F40663001E46D4 /* Build configuration list for PBXNativeTarget "RxContactsUITests" */ = {
			isa = XCConfigurationList;
			buildConfigurations = (
				1F4F903A25F40663001E46D4 /* Debug */,
				1F4F903B25F40663001E46D4 /* Release */,
			);
			defaultConfigurationIsVisible = 0;
			defaultConfigurationName = Release;
		};
/* End XCConfigurationList section */

/* Begin XCVersionGroup section */
		1F4F901225F40662001E46D4 /* RxContacts.xcdatamodeld */ = {
			isa = XCVersionGroup;
			children = (
				1F4F901325F40662001E46D4 /* RxContacts.xcdatamodel */,
			);
			currentVersion = 1F4F901325F40662001E46D4 /* RxContacts.xcdatamodel */;
			path = RxContacts.xcdatamodeld;
			sourceTree = "<group>";
			versionGroupType = wrapper.xcdatamodel;
		};
/* End XCVersionGroup section */
	};
	rootObject = 1F4F8FFE25F40662001E46D4 /* Project object */;
}
